
Microsoft Visual Studio Solution File, Format Version 12.00
Project("{FAE04EC0-301F-11D3-BF4B-00C04F79EFBC}") = "ThermoInventory", "ThermoInventory\ThermoInventory.csproj", "{CF16BC02-F623-44DE-8A51-200EC29D265D}"
EndProject
Global
	GlobalSection(SolutionConfigurationPlatforms) = preSolution
		Debug|Any CPU = Debug|Any CPU
		Release|Any CPU = Release|Any CPU
	EndGlobalSection
	GlobalSection(ProjectConfigurationPlatforms) = postSolution
		{CF16BC02-F623-44DE-8A51-200EC29D265D}.Debug|Any CPU.ActiveCfg = Debug|Any CPU
		{CF16BC02-F623-44DE-8A51-200EC29D265D}.Debug|Any CPU.Build.0 = Debug|Any CPU
		{CF16BC02-F623-44DE-8A51-200EC29D265D}.Release|Any CPU.ActiveCfg = Release|Any CPU
		{CF16BC02-F623-44DE-8A51-200EC29D265D}.Release|Any CPU.Build.0 = Release|Any CPU
	EndGlobalSection
EndGlobal
